
Microsoft Visual Studio Solution File, Format Version 12.00
# Visual Studio Version 16
VisualStudioVersion = 16.0.30413.136
MinimumVisualStudioVersion = 10.0.40219.1
Project("{6EC3EE1D-3C4E-46DD-8F32-0CC8E7565705}") = "FSharpWrap.Tool", "src\FSharpWrap.Tool\FSharpWrap.Tool.fsproj", "{1C1D828E-547F-441E-9727-E288CD4A3A38}"
EndProject
Project("{6EC3EE1D-3C4E-46DD-8F32-0CC8E7565705}") = "FSharpWrap.Tool.Tests", "test\FSharpWrap.Tool.Tests\FSharpWrap.Tool.Tests.fsproj", "{B1CB6187-AD83-4814-B230-322A2A9D2956}"
EndProject
Project("{6EC3EE1D-3C4E-46DD-8F32-0CC8E7565705}") = "FSharpWrap.Benchmarks", "test\FSharpWrap.Benchmarks\FSharpWrap.Benchmarks.fsproj", "{01EFBF63-67DD-4A4D-B079-C8A8715FB6FF}"
EndProject
Global
	GlobalSection(SolutionConfigurationPlatforms) = preSolution
		Debug|Any CPU = Debug|Any CPU
		Release|Any CPU = Release|Any CPU
	EndGlobalSection
	GlobalSection(ProjectConfigurationPlatforms) = postSolution
		{1C1D828E-547F-441E-9727-E288CD4A3A38}.Debug|Any CPU.ActiveCfg = Debug|Any CPU
		{1C1D828E-547F-441E-9727-E288CD4A3A38}.Debug|Any CPU.Build.0 = Debug|Any CPU
		{1C1D828E-547F-441E-9727-E288CD4A3A38}.Release|Any CPU.ActiveCfg = Release|Any CPU
		{1C1D828E-547F-441E-9727-E288CD4A3A38}.Release|Any CPU.Build.0 = Release|Any CPU
		{B1CB6187-AD83-4814-B230-322A2A9D2956}.Debug|Any CPU.ActiveCfg = Debug|Any CPU
		{B1CB6187-AD83-4814-B230-322A2A9D2956}.Debug|Any CPU.Build.0 = Debug|Any CPU
		{B1CB6187-AD83-4814-B230-322A2A9D2956}.Release|Any CPU.ActiveCfg = Release|Any CPU
		{B1CB6187-AD83-4814-B230-322A2A9D2956}.Release|Any CPU.Build.0 = Release|Any CPU
		{01EFBF63-67DD-4A4D-B079-C8A8715FB6FF}.Debug|Any CPU.ActiveCfg = Debug|Any CPU
		{01EFBF63-67DD-4A4D-B079-C8A8715FB6FF}.Debug|Any CPU.Build.0 = Debug|Any CPU
		{01EFBF63-67DD-4A4D-B079-C8A8715FB6FF}.Release|Any CPU.ActiveCfg = Release|Any CPU
		{01EFBF63-67DD-4A4D-B079-C8A8715FB6FF}.Release|Any CPU.Build.0 = Release|Any CPU
	EndGlobalSection
	GlobalSection(SolutionProperties) = preSolution
		HideSolutionNode = FALSE
	EndGlobalSection
	GlobalSection(ExtensibilityGlobals) = postSolution
		SolutionGuid = {346EBCE2-B298-407A-B7AB-C3777DF65B69}
	EndGlobalSection
EndGlobal
